// !$*UTF8*$!
{
	archiveVersion = 1;
	classes = {
	};
	objectVersion = 55;
	objects = {

/* Begin PBXBuildFile section */
		4967A892283B7E2C00338AF1 /* UMCoin.docc in Sources */ = {isa = PBXBuildFile; fileRef = 4967A891283B7E2C00338AF1 /* UMCoin.docc */; };
		4967A898283B7E2D00338AF1 /* UMCoin.framework in Frameworks */ = {isa = PBXBuildFile; fileRef = 4967A88D283B7E2C00338AF1 /* UMCoin.framework */; };
		4967A89D283B7E2D00338AF1 /* UMCoinTests.swift in Sources */ = {isa = PBXBuildFile; fileRef = 4967A89C283B7E2D00338AF1 /* UMCoinTests.swift */; };
		4967A89E283B7E2D00338AF1 /* UMCoin.h in Headers */ = {isa = PBXBuildFile; fileRef = 4967A890283B7E2C00338AF1 /* UMCoin.h */; settings = {ATTRIBUTES = (Public, ); }; };
		4967A8AE283B812800338AF1 /* AppDelegate.swift in Sources */ = {isa = PBXBuildFile; fileRef = 4967A8AD283B812800338AF1 /* AppDelegate.swift */; };
		4967A8B0283B812800338AF1 /* SceneDelegate.swift in Sources */ = {isa = PBXBuildFile; fileRef = 4967A8AF283B812800338AF1 /* SceneDelegate.swift */; };
		4967A8B2283B812800338AF1 /* ViewController.swift in Sources */ = {isa = PBXBuildFile; fileRef = 4967A8B1283B812800338AF1 /* ViewController.swift */; };
		4967A8B5283B812800338AF1 /* Main.storyboard in Resources */ = {isa = PBXBuildFile; fileRef = 4967A8B3283B812800338AF1 /* Main.storyboard */; };
		4967A8B7283B812A00338AF1 /* Assets.xcassets in Resources */ = {isa = PBXBuildFile; fileRef = 4967A8B6283B812A00338AF1 /* Assets.xcassets */; };
		4967A8BA283B812A00338AF1 /* LaunchScreen.storyboard in Resources */ = {isa = PBXBuildFile; fileRef = 4967A8B8283B812A00338AF1 /* LaunchScreen.storyboard */; };
		4967A8C0283B855200338AF1 /* UMCoin.swift in Sources */ = {isa = PBXBuildFile; fileRef = 4967A8BF283B855200338AF1 /* UMCoin.swift */; };
/* End PBXBuildFile section */

/* Begin PBXContainerItemProxy section */
		4967A899283B7E2D00338AF1 /* PBXContainerItemProxy */ = {
			isa = PBXContainerItemProxy;
			containerPortal = 4967A884283B7E2C00338AF1 /* Project object */;
			proxyType = 1;
			remoteGlobalIDString = 4967A88C283B7E2C00338AF1;
			remoteInfo = UMCoin;
		};
/* End PBXContainerItemProxy section */

/* Begin PBXFileReference section */
		4967A88D283B7E2C00338AF1 /* UMCoin.framework */ = {isa = PBXFileReference; explicitFileType = wrapper.framework; includeInIndex = 0; path = UMCoin.framework; sourceTree = BUILT_PRODUCTS_DIR; };
		4967A890283B7E2C00338AF1 /* UMCoin.h */ = {isa = PBXFileReference; lastKnownFileType = sourcecode.c.h; path = UMCoin.h; sourceTree = "<group>"; };
		4967A891283B7E2C00338AF1 /* UMCoin.docc */ = {isa = PBXFileReference; lastKnownFileType = folder.documentationcatalog; path = UMCoin.docc; sourceTree = "<group>"; };
		4967A897283B7E2D00338AF1 /* UMCoinTests.xctest */ = {isa = PBXFileReference; explicitFileType = wrapper.cfbundle; includeInIndex = 0; path = UMCoinTests.xctest; sourceTree = BUILT_PRODUCTS_DIR; };
		4967A89C283B7E2D00338AF1 /* UMCoinTests.swift */ = {isa = PBXFileReference; lastKnownFileType = sourcecode.swift; path = UMCoinTests.swift; sourceTree = "<group>"; };
		4967A8AB283B812800338AF1 /* UMCoinExample.app */ = {isa = PBXFileReference; explicitFileType = wrapper.application; includeInIndex = 0; path = UMCoinExample.app; sourceTree = BUILT_PRODUCTS_DIR; };
		4967A8AD283B812800338AF1 /* AppDelegate.swift */ = {isa = PBXFileReference; lastKnownFileType = sourcecode.swift; path = AppDelegate.swift; sourceTree = "<group>"; };
		4967A8AF283B812800338AF1 /* SceneDelegate.swift */ = {isa = PBXFileReference; lastKnownFileType = sourcecode.swift; path = SceneDelegate.swift; sourceTree = "<group>"; };
		4967A8B1283B812800338AF1 /* ViewController.swift */ = {isa = PBXFileReference; lastKnownFileType = sourcecode.swift; path = ViewController.swift; sourceTree = "<group>"; };
		4967A8B4283B812800338AF1 /* Base */ = {isa = PBXFileReference; lastKnownFileType = file.storyboard; name = Base; path = Base.lproj/Main.storyboard; sourceTree = "<group>"; };
		4967A8B6283B812A00338AF1 /* Assets.xcassets */ = {isa = PBXFileReference; lastKnownFileType = folder.assetcatalog; path = Assets.xcassets; sourceTree = "<group>"; };
		4967A8B9283B812A00338AF1 /* Base */ = {isa = PBXFileReference; lastKnownFileType = file.storyboard; name = Base; path = Base.lproj/LaunchScreen.storyboard; sourceTree = "<group>"; };
		4967A8BB283B812A00338AF1 /* Info.plist */ = {isa = PBXFileReference; lastKnownFileType = text.plist.xml; path = Info.plist; sourceTree = "<group>"; };
		4967A8BF283B855200338AF1 /* UMCoin.swift */ = {isa = PBXFileReference; lastKnownFileType = sourcecode.swift; path = UMCoin.swift; sourceTree = "<group>"; };
/* End PBXFileReference section */

/* Begin PBXFrameworksBuildPhase section */
		4967A88A283B7E2C00338AF1 /* Frameworks */ = {
			isa = PBXFrameworksBuildPhase;
			buildActionMask = 2147483647;
			files = (
			);
			runOnlyForDeploymentPostprocessing = 0;
		};
		4967A894283B7E2D00338AF1 /* Frameworks */ = {
			isa = PBXFrameworksBuildPhase;
			buildActionMask = 2147483647;
			files = (
				4967A898283B7E2D00338AF1 /* UMCoin.framework in Frameworks */,
			);
			runOnlyForDeploymentPostprocessing = 0;
		};
		4967A8A8283B812800338AF1 /* Frameworks */ = {
			isa = PBXFrameworksBuildPhase;
			buildActionMask = 2147483647;
			files = (
			);
			runOnlyForDeploymentPostprocessing = 0;
		};
/* End PBXFrameworksBuildPhase section */

/* Begin PBXGroup section */
		4967A883283B7E2C00338AF1 = {
			isa = PBXGroup;
			children = (
				4967A88F283B7E2C00338AF1 /* UMCoin */,
				4967A89B283B7E2D00338AF1 /* UMCoinTests */,
				4967A8AC283B812800338AF1 /* UMCoinExample */,
				4967A88E283B7E2C00338AF1 /* Products */,
			);
			sourceTree = "<group>";
		};
		4967A88E283B7E2C00338AF1 /* Products */ = {
			isa = PBXGroup;
			children = (
				4967A88D283B7E2C00338AF1 /* UMCoin.framework */,
				4967A897283B7E2D00338AF1 /* UMCoinTests.xctest */,
				4967A8AB283B812800338AF1 /* UMCoinExample.app */,
			);
			name = Products;
			sourceTree = "<group>";
		};
		4967A88F283B7E2C00338AF1 /* UMCoin */ = {
			isa = PBXGroup;
			children = (
				4967A890283B7E2C00338AF1 /* UMCoin.h */,
				4967A891283B7E2C00338AF1 /* UMCoin.docc */,
				4967A8BF283B855200338AF1 /* UMCoin.swift */,
			);
			path = UMCoin;
			sourceTree = "<group>";
		};
		4967A89B283B7E2D00338AF1 /* UMCoinTests */ = {
			isa = PBXGroup;
			children = (
				4967A89C283B7E2D00338AF1 /* UMCoinTests.swift */,
			);
			path = UMCoinTests;
			sourceTree = "<group>";
		};
		4967A8AC283B812800338AF1 /* UMCoinExample */ = {
			isa = PBXGroup;
			children = (
				4967A8AD283B812800338AF1 /* AppDelegate.swift */,
				4967A8AF283B812800338AF1 /* SceneDelegate.swift */,
				4967A8B1283B812800338AF1 /* ViewController.swift */,
				4967A8B3283B812800338AF1 /* Main.storyboard */,
				4967A8B6283B812A00338AF1 /* Assets.xcassets */,
				4967A8B8283B812A00338AF1 /* LaunchScreen.storyboard */,
				4967A8BB283B812A00338AF1 /* Info.plist */,
			);
			path = UMCoinExample;
			sourceTree = "<group>";
		};
/* End PBXGroup section */

/* Begin PBXHeadersBuildPhase section */
		4967A888283B7E2C00338AF1 /* Headers */ = {
			isa = PBXHeadersBuildPhase;
			buildActionMask = 2147483647;
			files = (
				4967A89E283B7E2D00338AF1 /* UMCoin.h in Headers */,
			);
			runOnlyForDeploymentPostprocessing = 0;
		};
/* End PBXHeadersBuildPhase section */

/* Begin PBXNativeTarget section */
		4967A88C283B7E2C00338AF1 /* UMCoin */ = {
			isa = PBXNativeTarget;
			buildConfigurationList = 4967A8A1283B7E2D00338AF1 /* Build configuration list for PBXNativeTarget "UMCoin" */;
			buildPhases = (
				4967A888283B7E2C00338AF1 /* Headers */,
				4967A889283B7E2C00338AF1 /* Sources */,
				4967A88A283B7E2C00338AF1 /* Frameworks */,
				4967A88B283B7E2C00338AF1 /* Resources */,
			);
			buildRules = (
			);
			dependencies = (
			);
			name = UMCoin;
			productName = UMCoin;
			productReference = 4967A88D283B7E2C00338AF1 /* UMCoin.framework */;
			productType = "com.apple.product-type.framework";
		};
		4967A896283B7E2D00338AF1 /* UMCoinTests */ = {
			isa = PBXNativeTarget;
			buildConfigurationList = 4967A8A4283B7E2D00338AF1 /* Build configuration list for PBXNativeTarget "UMCoinTests" */;
			buildPhases = (
				4967A893283B7E2D00338AF1 /* Sources */,
				4967A894283B7E2D00338AF1 /* Frameworks */,
				4967A895283B7E2D00338AF1 /* Resources */,
			);
			buildRules = (
			);
			dependencies = (
				4967A89A283B7E2D00338AF1 /* PBXTargetDependency */,
			);
			name = UMCoinTests;
			productName = UMCoinTests;
			productReference = 4967A897283B7E2D00338AF1 /* UMCoinTests.xctest */;
			productType = "com.apple.product-type.bundle.unit-test";
		};
		4967A8AA283B812800338AF1 /* UMCoinExample */ = {
			isa = PBXNativeTarget;
			buildConfigurationList = 4967A8BC283B812A00338AF1 /* Build configuration list for PBXNativeTarget "UMCoinExample" */;
			buildPhases = (
				4967A8A7283B812800338AF1 /* Sources */,
				4967A8A8283B812800338AF1 /* Frameworks */,
				4967A8A9283B812800338AF1 /* Resources */,
			);
			buildRules = (
			);
			dependencies = (
			);
			name = UMCoinExample;
			productName = UMCoinExample;
			productReference = 4967A8AB283B812800338AF1 /* UMCoinExample.app */;
			productType = "com.apple.product-type.application";
		};
/* End PBXNativeTarget section */

/* Begin PBXProject section */
		4967A884283B7E2C00338AF1 /* Project object */ = {
			isa = PBXProject;
			attributes = {
				BuildIndependentTargetsInParallel = 1;
				LastSwiftUpdateCheck = 1330;
				LastUpgradeCheck = 1330;
				TargetAttributes = {
					4967A88C283B7E2C00338AF1 = {
						CreatedOnToolsVersion = 13.3.1;
					};
					4967A896283B7E2D00338AF1 = {
						CreatedOnToolsVersion = 13.3.1;
					};
					4967A8AA283B812800338AF1 = {
						CreatedOnToolsVersion = 13.3.1;
					};
				};
			};
			buildConfigurationList = 4967A887283B7E2C00338AF1 /* Build configuration list for PBXProject "UMCoin" */;
			compatibilityVersion = "Xcode 13.0";
			developmentRegion = en;
			hasScannedForEncodings = 0;
			knownRegions = (
				en,
				Base,
			);
			mainGroup = 4967A883283B7E2C00338AF1;
			productRefGroup = 4967A88E283B7E2C00338AF1 /* Products */;
			projectDirPath = "";
			projectRoot = "";
			targets = (
				4967A88C283B7E2C00338AF1 /* UMCoin */,
				4967A896283B7E2D00338AF1 /* UMCoinTests */,
				4967A8AA283B812800338AF1 /* UMCoinExample */,
			);
		};
/* End PBXProject section */

/* Begin PBXResourcesBuildPhase section */
		4967A88B283B7E2C00338AF1 /* Resources */ = {
			isa = PBXResourcesBuildPhase;
			buildActionMask = 2147483647;
			files = (
			);
			runOnlyForDeploymentPostprocessing = 0;
		};
		4967A895283B7E2D00338AF1 /* Resources */ = {
			isa = PBXResourcesBuildPhase;
			buildActionMask = 2147483647;
			files = (
			);
			runOnlyForDeploymentPostprocessing = 0;
		};
		4967A8A9283B812800338AF1 /* Resources */ = {
			isa = PBXResourcesBuildPhase;
			buildActionMask = 2147483647;
			files = (
				4967A8BA283B812A00338AF1 /* LaunchScreen.storyboard in Resources */,
				4967A8B7283B812A00338AF1 /* Assets.xcassets in Resources */,
				4967A8B5283B812800338AF1 /* Main.storyboard in Resources */,
			);
			runOnlyForDeploymentPostprocessing = 0;
		};
/* End PBXResourcesBuildPhase section */

/* Begin PBXSourcesBuildPhase section */
		4967A889283B7E2C00338AF1 /* Sources */ = {
			isa = PBXSourcesBuildPhase;
			buildActionMask = 2147483647;
			files = (
				4967A8C0283B855200338AF1 /* UMCoin.swift in Sources */,
				4967A892283B7E2C00338AF1 /* UMCoin.docc in Sources */,
			);
			runOnlyForDeploymentPostprocessing = 0;
		};
		4967A893283B7E2D00338AF1 /* Sources */ = {
			isa = PBXSourcesBuildPhase;
			buildActionMask = 2147483647;
			files = (
				4967A89D283B7E2D00338AF1 /* UMCoinTests.swift in Sources */,
			);
			runOnlyForDeploymentPostprocessing = 0;
		};
		4967A8A7283B812800338AF1 /* Sources */ = {
			isa = PBXSourcesBuildPhase;
			buildActionMask = 2147483647;
			files = (
				4967A8B2283B812800338AF1 /* ViewController.swift in Sources */,
				4967A8AE283B812800338AF1 /* AppDelegate.swift in Sources */,
				4967A8B0283B812800338AF1 /* SceneDelegate.swift in Sources */,
			);
			runOnlyForDeploymentPostprocessing = 0;
		};
/* End PBXSourcesBuildPhase section */

/* Begin PBXTargetDependency section */
		4967A89A283B7E2D00338AF1 /* PBXTargetDependency */ = {
			isa = PBXTargetDependency;
			target = 4967A88C283B7E2C00338AF1 /* UMCoin */;
			targetProxy = 4967A899283B7E2D00338AF1 /* PBXContainerItemProxy */;
		};
/* End PBXTargetDependency section */

/* Begin PBXVariantGroup section */
		4967A8B3283B812800338AF1 /* Main.storyboard */ = {
			isa = PBXVariantGroup;
			children = (
				4967A8B4283B812800338AF1 /* Base */,
			);
			name = Main.storyboard;
			sourceTree = "<group>";
		};
		4967A8B8283B812A00338AF1 /* LaunchScreen.storyboard */ = {
			isa = PBXVariantGroup;
			children = (
				4967A8B9283B812A00338AF1 /* Base */,
			);
			name = LaunchScreen.storyboard;
			sourceTree = "<group>";
		};
/* End PBXVariantGroup section */

/* Begin XCBuildConfiguration section */
		4967A89F283B7E2D00338AF1 /* Debug */ = {
			isa = XCBuildConfiguration;
			buildSettings = {
				ALWAYS_SEARCH_USER_PATHS = NO;
				CLANG_ANALYZER_NONNULL = YES;
				CLANG_ANALYZER_NUMBER_OBJECT_CONVERSION = YES_AGGRESSIVE;
				CLANG_CXX_LANGUAGE_STANDARD = "gnu++17";
				CLANG_ENABLE_MODULES = YES;
				CLANG_ENABLE_OBJC_ARC = YES;
				CLANG_ENABLE_OBJC_WEAK = YES;
				CLANG_WARN_BLOCK_CAPTURE_AUTORELEASING = YES;
				CLANG_WARN_BOOL_CONVERSION = YES;
				CLANG_WARN_COMMA = YES;
				CLANG_WARN_CONSTANT_CONVERSION = YES;
				CLANG_WARN_DEPRECATED_OBJC_IMPLEMENTATIONS = YES;
				CLANG_WARN_DIRECT_OBJC_ISA_USAGE = YES_ERROR;
				CLANG_WARN_DOCUMENTATION_COMMENTS = YES;
				CLANG_WARN_EMPTY_BODY = YES;
				CLANG_WARN_ENUM_CONVERSION = YES;
				CLANG_WARN_INFINITE_RECURSION = YES;
				CLANG_WARN_INT_CONVERSION = YES;
				CLANG_WARN_NON_LITERAL_NULL_CONVERSION = YES;
				CLANG_WARN_OBJC_IMPLICIT_RETAIN_SELF = YES;
				CLANG_WARN_OBJC_LITERAL_CONVERSION = YES;
				CLANG_WARN_OBJC_ROOT_CLASS = YES_ERROR;
				CLANG_WARN_QUOTED_INCLUDE_IN_FRAMEWORK_HEADER = YES;
				CLANG_WARN_RANGE_LOOP_ANALYSIS = YES;
				CLANG_WARN_STRICT_PROTOTYPES = YES;
				CLANG_WARN_SUSPICIOUS_MOVE = YES;
				CLANG_WARN_UNGUARDED_AVAILABILITY = YES_AGGRESSIVE;
				CLANG_WARN_UNREACHABLE_CODE = YES;
				CLANG_WARN__DUPLICATE_METHOD_MATCH = YES;
				COPY_PHASE_STRIP = NO;
				CURRENT_PROJECT_VERSION = 1;
				DEBUG_INFORMATION_FORMAT = dwarf;
				ENABLE_STRICT_OBJC_MSGSEND = YES;
				ENABLE_TESTABILITY = YES;
				GCC_C_LANGUAGE_STANDARD = gnu11;
				GCC_DYNAMIC_NO_PIC = NO;
				GCC_NO_COMMON_BLOCKS = YES;
				GCC_OPTIMIZATION_LEVEL = 0;
				GCC_PREPROCESSOR_DEFINITIONS = (
					"DEBUG=1",
					"$(inherited)",
				);
				GCC_WARN_64_TO_32_BIT_CONVERSION = YES;
				GCC_WARN_ABOUT_RETURN_TYPE = YES_ERROR;
				GCC_WARN_UNDECLARED_SELECTOR = YES;
				GCC_WARN_UNINITIALIZED_AUTOS = YES_AGGRESSIVE;
				GCC_WARN_UNUSED_FUNCTION = YES;
				GCC_WARN_UNUSED_VARIABLE = YES;
				IPHONEOS_DEPLOYMENT_TARGET = 15.4;
				MTL_ENABLE_DEBUG_INFO = INCLUDE_SOURCE;
				MTL_FAST_MATH = YES;
				ONLY_ACTIVE_ARCH = YES;
				SDKROOT = iphoneos;
				SWIFT_ACTIVE_COMPILATION_CONDITIONS = DEBUG;
				SWIFT_OPTIMIZATION_LEVEL = "-Onone";
				VERSIONING_SYSTEM = "apple-generic";
				VERSION_INFO_PREFIX = "";
			};
			name = Debug;
		};
		4967A8A0283B7E2D00338AF1 /* Release */ = {
			isa = XCBuildConfiguration;
			buildSettings = {
				ALWAYS_SEARCH_USER_PATHS = NO;
				CLANG_ANALYZER_NONNULL = YES;
				CLANG_ANALYZER_NUMBER_OBJECT_CONVERSION = YES_AGGRESSIVE;
				CLANG_CXX_LANGUAGE_STANDARD = "gnu++17";
				CLANG_ENABLE_MODULES = YES;
				CLANG_ENABLE_OBJC_ARC = YES;
				CLANG_ENABLE_OBJC_WEAK = YES;
				CLANG_WARN_BLOCK_CAPTURE_AUTORELEASING = YES;
				CLANG_WARN_BOOL_CONVERSION = YES;
				CLANG_WARN_COMMA = YES;
				CLANG_WARN_CONSTANT_CONVERSION = YES;
				CLANG_WARN_DEPRECATED_OBJC_IMPLEMENTATIONS = YES;
				CLANG_WARN_DIRECT_OBJC_ISA_USAGE = YES_ERROR;
				CLANG_WARN_DOCUMENTATION_COMMENTS = YES;
				CLANG_WARN_EMPTY_BODY = YES;
				CLANG_WARN_ENUM_CONVERSION = YES;
				CLANG_WARN_INFINITE_RECURSION = YES;
				CLANG_WARN_INT_CONVERSION = YES;
				CLANG_WARN_NON_LITERAL_NULL_CONVERSION = YES;
				CLANG_WARN_OBJC_IMPLICIT_RETAIN_SELF = YES;
				CLANG_WARN_OBJC_LITERAL_CONVERSION = YES;
				CLANG_WARN_OBJC_ROOT_CLASS = YES_ERROR;
				CLANG_WARN_QUOTED_INCLUDE_IN_FRAMEWORK_HEADER = YES;
				CLANG_WARN_RANGE_LOOP_ANALYSIS = YES;
				CLANG_WARN_STRICT_PROTOTYPES = YES;
				CLANG_WARN_SUSPICIOUS_MOVE = YES;
				CLANG_WARN_UNGUARDED_AVAILABILITY = YES_AGGRESSIVE;
				CLANG_WARN_UNREACHABLE_CODE = YES;
				CLANG_WARN__DUPLICATE_METHOD_MATCH = YES;
				COPY_PHASE_STRIP = NO;
				CURRENT_PROJECT_VERSION = 1;
				DEBUG_INFORMATION_FORMAT = "dwarf-with-dsym";
				ENABLE_NS_ASSERTIONS = NO;
				ENABLE_STRICT_OBJC_MSGSEND = YES;
				GCC_C_LANGUAGE_STANDARD = gnu11;
				GCC_NO_COMMON_BLOCKS = YES;
				GCC_WARN_64_TO_32_BIT_CONVERSION = YES;
				GCC_WARN_ABOUT_RETURN_TYPE = YES_ERROR;
				GCC_WARN_UNDECLARED_SELECTOR = YES;
				GCC_WARN_UNINITIALIZED_AUTOS = YES_AGGRESSIVE;
				GCC_WARN_UNUSED_FUNCTION = YES;
				GCC_WARN_UNUSED_VARIABLE = YES;
				IPHONEOS_DEPLOYMENT_TARGET = 15.4;
				MTL_ENABLE_DEBUG_INFO = NO;
				MTL_FAST_MATH = YES;
				SDKROOT = iphoneos;
				SWIFT_COMPILATION_MODE = wholemodule;
				SWIFT_OPTIMIZATION_LEVEL = "-O";
				VALIDATE_PRODUCT = YES;
				VERSIONING_SYSTEM = "apple-generic";
				VERSION_INFO_PREFIX = "";
			};
			name = Release;
		};
		4967A8A2283B7E2D00338AF1 /* Debug */ = {
			isa = XCBuildConfiguration;
			buildSettings = {
				CODE_SIGN_STYLE = Automatic;
				CURRENT_PROJECT_VERSION = 1;
				DEFINES_MODULE = YES;
				DYLIB_COMPATIBILITY_VERSION = 1;
				DYLIB_CURRENT_VERSION = 1;
				DYLIB_INSTALL_NAME_BASE = "@rpath";
				GENERATE_INFOPLIST_FILE = YES;
				INFOPLIST_KEY_NSHumanReadableCopyright = "";
				INSTALL_PATH = "$(LOCAL_LIBRARY_DIR)/Frameworks";
				IPHONEOS_DEPLOYMENT_TARGET = 11.0;
				LD_RUNPATH_SEARCH_PATHS = (
					"$(inherited)",
					"@executable_path/Frameworks",
					"@loader_path/Frameworks",
				);
				MARKETING_VERSION = 1.0;
				PRODUCT_BUNDLE_IDENTIFIER = com.hachtechs.UMCoin;
				PRODUCT_NAME = "$(TARGET_NAME:c99extidentifier)";
				SKIP_INSTALL = YES;
				SWIFT_EMIT_LOC_STRINGS = YES;
				SWIFT_VERSION = 5.0;
				TARGETED_DEVICE_FAMILY = "1,2";
			};
			name = Debug;
		};
		4967A8A3283B7E2D00338AF1 /* Release */ = {
			isa = XCBuildConfiguration;
			buildSettings = {
				CODE_SIGN_STYLE = Automatic;
				CURRENT_PROJECT_VERSION = 1;
				DEFINES_MODULE = YES;
				DYLIB_COMPATIBILITY_VERSION = 1;
				DYLIB_CURRENT_VERSION = 1;
				DYLIB_INSTALL_NAME_BASE = "@rpath";
				GENERATE_INFOPLIST_FILE = YES;
				INFOPLIST_KEY_NSHumanReadableCopyright = "";
				INSTALL_PATH = "$(LOCAL_LIBRARY_DIR)/Frameworks";
				IPHONEOS_DEPLOYMENT_TARGET = 11.0;
				LD_RUNPATH_SEARCH_PATHS = (
					"$(inherited)",
					"@executable_path/Frameworks",
					"@loader_path/Frameworks",
				);
				MARKETING_VERSION = 1.0;
				PRODUCT_BUNDLE_IDENTIFIER = com.hachtechs.UMCoin;
				PRODUCT_NAME = "$(TARGET_NAME:c99extidentifier)";
				SKIP_INSTALL = YES;
				SWIFT_EMIT_LOC_STRINGS = YES;
				SWIFT_VERSION = 5.0;
				TARGETED_DEVICE_FAMILY = "1,2";
			};
			name = Release;
		};
		4967A8A5283B7E2D00338AF1 /* Debug */ = {
			isa = XCBuildConfiguration;
			buildSettings = {
				ALWAYS_EMBED_SWIFT_STANDARD_LIBRARIES = YES;
				CODE_SIGN_STYLE = Automatic;
				CURRENT_PROJECT_VERSION = 1;
				GENERATE_INFOPLIST_FILE = YES;
				MARKETING_VERSION = 1.0;
				PRODUCT_BUNDLE_IDENTIFIER = com.hachtechs.UMCoinTests;
				PRODUCT_NAME = "$(TARGET_NAME)";
				SWIFT_EMIT_LOC_STRINGS = NO;
				SWIFT_VERSION = 5.0;
				TARGETED_DEVICE_FAMILY = "1,2";
			};
			name = Debug;
		};
		4967A8A6283B7E2D00338AF1 /* Release */ = {
			isa = XCBuildConfiguration;
			buildSettings = {
				ALWAYS_EMBED_SWIFT_STANDARD_LIBRARIES = YES;
				CODE_SIGN_STYLE = Automatic;
				CURRENT_PROJECT_VERSION = 1;
				GENERATE_INFOPLIST_FILE = YES;
				MARKETING_VERSION = 1.0;
				PRODUCT_BUNDLE_IDENTIFIER = com.hachtechs.UMCoinTests;
				PRODUCT_NAME = "$(TARGET_NAME)";
				SWIFT_EMIT_LOC_STRINGS = NO;
				SWIFT_VERSION = 5.0;
				TARGETED_DEVICE_FAMILY = "1,2";
			};
			name = Release;
		};
		4967A8BD283B812A00338AF1 /* Debug */ = {
			isa = XCBuildConfiguration;
			buildSettings = {
				ASSETCATALOG_COMPILER_APPICON_NAME = AppIcon;
				ASSETCATALOG_COMPILER_GLOBAL_ACCENT_COLOR_NAME = AccentColor;
				CODE_SIGN_STYLE = Automatic;
				CURRENT_PROJECT_VERSION = 1;
				GENERATE_INFOPLIST_FILE = YES;
				INFOPLIST_FILE = UMCoinExample/Info.plist;
				INFOPLIST_KEY_UIApplicationSupportsIndirectInputEvents = YES;
				INFOPLIST_KEY_UILaunchStoryboardName = LaunchScreen;
				INFOPLIST_KEY_UIMainStoryboardFile = Main;
				INFOPLIST_KEY_UISupportedInterfaceOrientations_iPad = "UIInterfaceOrientationPortrait UIInterfaceOrientationPortraitUpsideDown UIInterfaceOrientationLandscapeLeft UIInterfaceOrientationLandscapeRight";
				INFOPLIST_KEY_UISupportedInterfaceOrientations_iPhone = "UIInterfaceOrientationPortrait UIInterfaceOrientationLandscapeLeft UIInterfaceOrientationLandscapeRight";
				LD_RUNPATH_SEARCH_PATHS = (
					"$(inherited)",
					"@executable_path/Frameworks",
				);
				MARKETING_VERSION = 1.0;
				PRODUCT_BUNDLE_IDENTIFIER = com.hachtechs.UMCoinExample;
				PRODUCT_NAME = "$(TARGET_NAME)";
				SWIFT_EMIT_LOC_STRINGS = YES;
				SWIFT_VERSION = 5.0;
				TARGETED_DEVICE_FAMILY = "1,2";
			};
			name = Debug;
		};
		4967A8BE283B812A00338AF1 /* Release */ = {
			isa = XCBuildConfiguration;
			buildSettings = {
				ASSETCATALOG_COMPILER_APPICON_NAME = AppIcon;
				ASSETCATALOG_COMPILER_GLOBAL_ACCENT_COLOR_NAME = AccentColor;
				CODE_SIGN_STYLE = Automatic;
				CURRENT_PROJECT_VERSION = 1;
				GENERATE_INFOPLIST_FILE = YES;
				INFOPLIST_FILE = UMCoinExample/Info.plist;
				INFOPLIST_KEY_UIApplicationSupportsIndirectInputEvents = YES;
				INFOPLIST_KEY_UILaunchStoryboardName = LaunchScreen;
				INFOPLIST_KEY_UIMainStoryboardFile = Main;
				INFOPLIST_KEY_UISupportedInterfaceOrientations_iPad = "UIInterfaceOrientationPortrait UIInterfaceOrientationPortraitUpsideDown UIInterfaceOrientationLandscapeLeft UIInterfaceOrientationLandscapeRight";
				INFOPLIST_KEY_UISupportedInterfaceOrientations_iPhone = "UIInterfaceOrientationPortrait UIInterfaceOrientationLandscapeLeft UIInterfaceOrientationLandscapeRight";
				LD_RUNPATH_SEARCH_PATHS = (
					"$(inherited)",
					"@executable_path/Frameworks",
				);
				MARKETING_VERSION = 1.0;
				PRODUCT_BUNDLE_IDENTIFIER = com.hachtechs.UMCoinExample;
				PRODUCT_NAME = "$(TARGET_NAME)";
				SWIFT_EMIT_LOC_STRINGS = YES;
				SWIFT_VERSION = 5.0;
				TARGETED_DEVICE_FAMILY = "1,2";
			};
			name = Release;
		};
/* End XCBuildConfiguration section */

/* Begin XCConfigurationList section */
		4967A887283B7E2C00338AF1 /* Build configuration list for PBXProject "UMCoin" */ = {
			isa = XCConfigurationList;
			buildConfigurations = (
				4967A89F283B7E2D00338AF1 /* Debug */,
				4967A8A0283B7E2D00338AF1 /* Release */,
			);
			defaultConfigurationIsVisible = 0;
			defaultConfigurationName = Release;
		};
		4967A8A1283B7E2D00338AF1 /* Build configuration list for PBXNativeTarget "UMCoin" */ = {
			isa = XCConfigurationList;
			buildConfigurations = (
				4967A8A2283B7E2D00338AF1 /* Debug */,
				4967A8A3283B7E2D00338AF1 /* Release */,
			);
			defaultConfigurationIsVisible = 0;
			defaultConfigurationName = Release;
		};
		4967A8A4283B7E2D00338AF1 /* Build configuration list for PBXNativeTarget "UMCoinTests" */ = {
			isa = XCConfigurationList;
			buildConfigurations = (
				4967A8A5283B7E2D00338AF1 /* Debug */,
				4967A8A6283B7E2D00338AF1 /* Release */,
			);
			defaultConfigurationIsVisible = 0;
			defaultConfigurationName = Release;
		};
		4967A8BC283B812A00338AF1 /* Build configuration list for PBXNativeTarget "UMCoinExample" */ = {
			isa = XCConfigurationList;
			buildConfigurations = (
				4967A8BD283B812A00338AF1 /* Debug */,
				4967A8BE283B812A00338AF1 /* Release */,
			);
			defaultConfigurationIsVisible = 0;
			defaultConfigurationName = Release;
		};
/* End XCConfigurationList section */
	};
	rootObject = 4967A884283B7E2C00338AF1 /* Project object */;
}
